
Microsoft Visual Studio Solution File, Format Version 12.00
# Visual Studio Version 17
VisualStudioVersion = 17.0.31903.59
MinimumVisualStudioVersion = 10.0.40219.1
Project("{2150E333-8FDC-42A3-9474-1A3956D46DE8}") = "backend", "backend", "{1AE8ACA6-933B-BF2A-3671-3E2EAC007D16}"
EndProject
Project("{FAE04EC0-301F-11D3-BF4B-00C04F79EFBC}") = "TankWatch.Api", "backend\TankWatch.Api\TankWatch.Api.csproj", "{48D3BCEC-23BD-4856-BA0A-FC093952043C}"
EndProject
Project("{FAE04EC0-301F-11D3-BF4B-00C04F79EFBC}") = "TankWatch.Worker", "backend\TankWatch.Worker\TankWatch.Worker.csproj", "{F5DEB935-05C9-4A7F-9E4B-85B57E99DE80}"
EndProject
Project("{FAE04EC0-301F-11D3-BF4B-00C04F79EFBC}") = "TankWatch.Domain", "backend\TankWatch.Domain\TankWatch.Domain.csproj", "{004B5030-55D4-4AFD-94FA-4BC2394A1B79}"
EndProject
Global
	GlobalSection(SolutionConfigurationPlatforms) = preSolution
		Debug|Any CPU = Debug|Any CPU
		Debug|x64 = Debug|x64
		Debug|x86 = Debug|x86
		Release|Any CPU = Release|Any CPU
		Release|x64 = Release|x64
		Release|x86 = Release|x86
	EndGlobalSection
	GlobalSection(ProjectConfigurationPlatforms) = postSolution
		{48D3BCEC-23BD-4856-BA0A-FC093952043C}.Debug|Any CPU.ActiveCfg = Debug|Any CPU
		{48D3BCEC-23BD-4856-BA0A-FC093952043C}.Debug|Any CPU.Build.0 = Debug|Any CPU
		{48D3BCEC-23BD-4856-BA0A-FC093952043C}.Debug|x64.ActiveCfg = Debug|Any CPU
		{48D3BCEC-23BD-4856-BA0A-FC093952043C}.Debug|x64.Build.0 = Debug|Any CPU
		{48D3BCEC-23BD-4856-BA0A-FC093952043C}.Debug|x86.ActiveCfg = Debug|Any CPU
		{48D3BCEC-23BD-4856-BA0A-FC093952043C}.Debug|x86.Build.0 = Debug|Any CPU
		{48D3BCEC-23BD-4856-BA0A-FC093952043C}.Release|Any CPU.ActiveCfg = Release|Any CPU
		{48D3BCEC-23BD-4856-BA0A-FC093952043C}.Release|Any CPU.Build.0 = Release|Any CPU
		{48D3BCEC-23BD-4856-BA0A-FC093952043C}.Release|x64.ActiveCfg = Release|Any CPU
		{48D3BCEC-23BD-4856-BA0A-FC093952043C}.Release|x64.Build.0 = Release|Any CPU
		{48D3BCEC-23BD-4856-BA0A-FC093952043C}.Release|x86.ActiveCfg = Release|Any CPU
		{48D3BCEC-23BD-4856-BA0A-FC093952043C}.Release|x86.Build.0 = Release|Any CPU
		{F5DEB935-05C9-4A7F-9E4B-85B57E99DE80}.Debug|Any CPU.ActiveCfg = Debug|Any CPU
		{F5DEB935-05C9-4A7F-9E4B-85B57E99DE80}.Debug|Any CPU.Build.0 = Debug|Any CPU
		{F5DEB935-05C9-4A7F-9E4B-85B57E99DE80}.Debug|x64.ActiveCfg = Debug|Any CPU
		{F5DEB935-05C9-4A7F-9E4B-85B57E99DE80}.Debug|x64.Build.0 = Debug|Any CPU
		{F5DEB935-05C9-4A7F-9E4B-85B57E99DE80}.Debug|x86.ActiveCfg = Debug|Any CPU
		{F5DEB935-05C9-4A7F-9E4B-85B57E99DE80}.Debug|x86.Build.0 = Debug|Any CPU
		{F5DEB935-05C9-4A7F-9E4B-85B57E99DE80}.Release|Any CPU.ActiveCfg = Release|Any CPU
		{F5DEB935-05C9-4A7F-9E4B-85B57E99DE80}.Release|Any CPU.Build.0 = Release|Any CPU
		{F5DEB935-05C9-4A7F-9E4B-85B57E99DE80}.Release|x64.ActiveCfg = Release|Any CPU
		{F5DEB935-05C9-4A7F-9E4B-85B57E99DE80}.Release|x64.Build.0 = Release|Any CPU
		{F5DEB935-05C9-4A7F-9E4B-85B57E99DE80}.Release|x86.ActiveCfg = Release|Any CPU
		{F5DEB935-05C9-4A7F-9E4B-85B57E99DE80}.Release|x86.Build.0 = Release|Any CPU
		{004B5030-55D4-4AFD-94FA-4BC2394A1B79}.Debug|Any CPU.ActiveCfg = Debug|Any CPU
		{004B5030-55D4-4AFD-94FA-4BC2394A1B79}.Debug|Any CPU.Build.0 = Debug|Any CPU
		{004B5030-55D4-4AFD-94FA-4BC2394A1B79}.Debug|x64.ActiveCfg = Debug|Any CPU
		{004B5030-55D4-4AFD-94FA-4BC2394A1B79}.Debug|x64.Build.0 = Debug|Any CPU
		{004B5030-55D4-4AFD-94FA-4BC2394A1B79}.Debug|x86.ActiveCfg = Debug|Any CPU
		{004B5030-55D4-4AFD-94FA-4BC2394A1B79}.Debug|x86.Build.0 = Debug|Any CPU
		{004B5030-55D4-4AFD-94FA-4BC2394A1B79}.Release|Any CPU.ActiveCfg = Release|Any CPU
		{004B5030-55D4-4AFD-94FA-4BC2394A1B79}.Release|Any CPU.Build.0 = Release|Any CPU
		{004B5030-55D4-4AFD-94FA-4BC2394A1B79}.Release|x64.ActiveCfg = Release|Any CPU
		{004B5030-55D4-4AFD-94FA-4BC2394A1B79}.Release|x64.Build.0 = Release|Any CPU
		{004B5030-55D4-4AFD-94FA-4BC2394A1B79}.Release|x86.ActiveCfg = Release|Any CPU
		{004B5030-55D4-4AFD-94FA-4BC2394A1B79}.Release|x86.Build.0 = Release|Any CPU
	EndGlobalSection
	GlobalSection(SolutionProperties) = preSolution
		HideSolutionNode = FALSE
	EndGlobalSection
	GlobalSection(NestedProjects) = preSolution
		{48D3BCEC-23BD-4856-BA0A-FC093952043C} = {1AE8ACA6-933B-BF2A-3671-3E2EAC007D16}
		{F5DEB935-05C9-4A7F-9E4B-85B57E99DE80} = {1AE8ACA6-933B-BF2A-3671-3E2EAC007D16}
		{004B5030-55D4-4AFD-94FA-4BC2394A1B79} = {1AE8ACA6-933B-BF2A-3671-3E2EAC007D16}
	EndGlobalSection
EndGlobal
